
Microsoft Visual Studio Solution File, Format Version 12.00
# Visual Studio Version 17
VisualStudioVersion = 17.5.33530.505
MinimumVisualStudioVersion = 10.0.40219.1
Project("{FAE04EC0-301F-11D3-BF4B-00C04F79EFBC}") = "Dictionaries2", "Dictionaries2\Dictionaries2.csproj", "{2F57F533-3571-4A23-B861-2C434C788A50}"
EndProject
Global
	GlobalSection(SolutionConfigurationPlatforms) = preSolution
		Debug|Any CPU = Debug|Any CPU
		Release|Any CPU = Release|Any CPU
	EndGlobalSection
	GlobalSection(ProjectConfigurationPlatforms) = postSolution
		{2F57F533-3571-4A23-B861-2C434C788A50}.Debug|Any CPU.ActiveCfg = Debug|Any CPU
		{2F57F533-3571-4A23-B861-2C434C788A50}.Debug|Any CPU.Build.0 = Debug|Any CPU
		{2F57F533-3571-4A23-B861-2C434C788A50}.Release|Any CPU.ActiveCfg = Release|Any CPU
		{2F57F533-3571-4A23-B861-2C434C788A50}.Release|Any CPU.Build.0 = Release|Any CPU
	EndGlobalSection
	GlobalSection(SolutionProperties) = preSolution
		HideSolutionNode = FALSE
	EndGlobalSection
	GlobalSection(ExtensibilityGlobals) = postSolution
		SolutionGuid = {5D33B20C-6075-4ACB-968A-379B2CE40407}
	EndGlobalSection
EndGlobal
