
Microsoft Visual Studio Solution File, Format Version 12.00
# Visual Studio Version 17
VisualStudioVersion = 17.5.33530.505
MinimumVisualStudioVersion = 10.0.40219.1
Project("{FAE04EC0-301F-11D3-BF4B-00C04F79EFBC}") = "CalculatorApp", "CalculatorApp\CalculatorApp.csproj", "{D95E0D7D-A93C-49AF-93CF-F36DD5B2FF71}"
EndProject
Project("{FAE04EC0-301F-11D3-BF4B-00C04F79EFBC}") = "CalculatorTester", "CalculatorTester\CalculatorTester.csproj", "{B74B6AFC-E4F7-4E4D-BD7D-80CA128B96FD}"
EndProject
Global
	GlobalSection(SolutionConfigurationPlatforms) = preSolution
		Debug|Any CPU = Debug|Any CPU
		Release|Any CPU = Release|Any CPU
	EndGlobalSection
	GlobalSection(ProjectConfigurationPlatforms) = postSolution
		{D95E0D7D-A93C-49AF-93CF-F36DD5B2FF71}.Debug|Any CPU.ActiveCfg = Debug|Any CPU
		{D95E0D7D-A93C-49AF-93CF-F36DD5B2FF71}.Debug|Any CPU.Build.0 = Debug|Any CPU
		{D95E0D7D-A93C-49AF-93CF-F36DD5B2FF71}.Release|Any CPU.ActiveCfg = Release|Any CPU
		{D95E0D7D-A93C-49AF-93CF-F36DD5B2FF71}.Release|Any CPU.Build.0 = Release|Any CPU
		{B74B6AFC-E4F7-4E4D-BD7D-80CA128B96FD}.Debug|Any CPU.ActiveCfg = Debug|Any CPU
		{B74B6AFC-E4F7-4E4D-BD7D-80CA128B96FD}.Debug|Any CPU.Build.0 = Debug|Any CPU
		{B74B6AFC-E4F7-4E4D-BD7D-80CA128B96FD}.Release|Any CPU.ActiveCfg = Release|Any CPU
		{B74B6AFC-E4F7-4E4D-BD7D-80CA128B96FD}.Release|Any CPU.Build.0 = Release|Any CPU
	EndGlobalSection
	GlobalSection(SolutionProperties) = preSolution
		HideSolutionNode = FALSE
	EndGlobalSection
	GlobalSection(ExtensibilityGlobals) = postSolution
		SolutionGuid = {D1F2519B-CD1A-4098-AEFC-D9C6F2977973}
	EndGlobalSection
EndGlobal
