
Microsoft Visual Studio Solution File, Format Version 12.00
# Visual Studio Version 17
VisualStudioVersion = 17.5.33414.496
MinimumVisualStudioVersion = 10.0.40219.1
Project("{FAE04EC0-301F-11D3-BF4B-00C04F79EFBC}") = "ObjectOriented", "ObjectOriented.csproj", "{E17A9097-FD20-4FF2-9CB3-8F576A8D0678}"
EndProject
Global
	GlobalSection(SolutionConfigurationPlatforms) = preSolution
		Debug|Any CPU = Debug|Any CPU
		Release|Any CPU = Release|Any CPU
	EndGlobalSection
	GlobalSection(ProjectConfigurationPlatforms) = postSolution
		{E17A9097-FD20-4FF2-9CB3-8F576A8D0678}.Debug|Any CPU.ActiveCfg = Debug|Any CPU
		{E17A9097-FD20-4FF2-9CB3-8F576A8D0678}.Debug|Any CPU.Build.0 = Debug|Any CPU
		{E17A9097-FD20-4FF2-9CB3-8F576A8D0678}.Release|Any CPU.ActiveCfg = Release|Any CPU
		{E17A9097-FD20-4FF2-9CB3-8F576A8D0678}.Release|Any CPU.Build.0 = Release|Any CPU
	EndGlobalSection
	GlobalSection(SolutionProperties) = preSolution
		HideSolutionNode = FALSE
	EndGlobalSection
	GlobalSection(ExtensibilityGlobals) = postSolution
		SolutionGuid = {D7F06D1F-6249-4A99-8324-E7E6F579F3A0}
	EndGlobalSection
EndGlobal
