
Microsoft Visual Studio Solution File, Format Version 12.00
# Visual Studio Version 17
VisualStudioVersion = 17.5.33414.496
MinimumVisualStudioVersion = 10.0.40219.1
Project("{FAE04EC0-301F-11D3-BF4B-00C04F79EFBC}") = "StudentDetails", "StudentDetails.csproj", "{DE219FE7-B0F8-489D-B64D-3EA65E5EE825}"
EndProject
Global
	GlobalSection(SolutionConfigurationPlatforms) = preSolution
		Debug|Any CPU = Debug|Any CPU
		Release|Any CPU = Release|Any CPU
	EndGlobalSection
	GlobalSection(ProjectConfigurationPlatforms) = postSolution
		{DE219FE7-B0F8-489D-B64D-3EA65E5EE825}.Debug|Any CPU.ActiveCfg = Debug|Any CPU
		{DE219FE7-B0F8-489D-B64D-3EA65E5EE825}.Debug|Any CPU.Build.0 = Debug|Any CPU
		{DE219FE7-B0F8-489D-B64D-3EA65E5EE825}.Release|Any CPU.ActiveCfg = Release|Any CPU
		{DE219FE7-B0F8-489D-B64D-3EA65E5EE825}.Release|Any CPU.Build.0 = Release|Any CPU
	EndGlobalSection
	GlobalSection(SolutionProperties) = preSolution
		HideSolutionNode = FALSE
	EndGlobalSection
	GlobalSection(ExtensibilityGlobals) = postSolution
		SolutionGuid = {69A188F1-32EF-46F1-BE42-B48D208F1657}
	EndGlobalSection
EndGlobal
