
Microsoft Visual Studio Solution File, Format Version 12.00
# Visual Studio Version 17
VisualStudioVersion = 17.5.33530.505
MinimumVisualStudioVersion = 10.0.40219.1
Project("{FAE04EC0-301F-11D3-BF4B-00C04F79EFBC}") = "Lambda", "Lambda\Lambda.csproj", "{1CB8FD4A-9D71-47AD-A39B-0CBA26F59E8B}"
EndProject
Global
	GlobalSection(SolutionConfigurationPlatforms) = preSolution
		Debug|Any CPU = Debug|Any CPU
		Release|Any CPU = Release|Any CPU
	EndGlobalSection
	GlobalSection(ProjectConfigurationPlatforms) = postSolution
		{1CB8FD4A-9D71-47AD-A39B-0CBA26F59E8B}.Debug|Any CPU.ActiveCfg = Debug|Any CPU
		{1CB8FD4A-9D71-47AD-A39B-0CBA26F59E8B}.Debug|Any CPU.Build.0 = Debug|Any CPU
		{1CB8FD4A-9D71-47AD-A39B-0CBA26F59E8B}.Release|Any CPU.ActiveCfg = Release|Any CPU
		{1CB8FD4A-9D71-47AD-A39B-0CBA26F59E8B}.Release|Any CPU.Build.0 = Release|Any CPU
	EndGlobalSection
	GlobalSection(SolutionProperties) = preSolution
		HideSolutionNode = FALSE
	EndGlobalSection
	GlobalSection(ExtensibilityGlobals) = postSolution
		SolutionGuid = {62925D41-2556-4A80-A2F4-93F43B9E25C5}
	EndGlobalSection
EndGlobal
