
Microsoft Visual Studio Solution File, Format Version 12.00
# Visual Studio Version 17
VisualStudioVersion = 17.5.33414.496
MinimumVisualStudioVersion = 10.0.40219.1
Project("{FAE04EC0-301F-11D3-BF4B-00C04F79EFBC}") = "UserDeatails", "UserDeatails.csproj", "{96E974B1-6BC7-435E-A592-29B011823B10}"
EndProject
Global
	GlobalSection(SolutionConfigurationPlatforms) = preSolution
		Debug|Any CPU = Debug|Any CPU
		Release|Any CPU = Release|Any CPU
	EndGlobalSection
	GlobalSection(ProjectConfigurationPlatforms) = postSolution
		{96E974B1-6BC7-435E-A592-29B011823B10}.Debug|Any CPU.ActiveCfg = Debug|Any CPU
		{96E974B1-6BC7-435E-A592-29B011823B10}.Debug|Any CPU.Build.0 = Debug|Any CPU
		{96E974B1-6BC7-435E-A592-29B011823B10}.Release|Any CPU.ActiveCfg = Release|Any CPU
		{96E974B1-6BC7-435E-A592-29B011823B10}.Release|Any CPU.Build.0 = Release|Any CPU
	EndGlobalSection
	GlobalSection(SolutionProperties) = preSolution
		HideSolutionNode = FALSE
	EndGlobalSection
	GlobalSection(ExtensibilityGlobals) = postSolution
		SolutionGuid = {4F968354-D343-49E4-89AD-4A2E45731D2A}
	EndGlobalSection
EndGlobal
